// !$*UTF8*$!
{
	archiveVersion = 1;
	classes = {
	};
	objectVersion = 55;
	objects = {

/* Begin PBXBuildFile section */
		05136CB527FCB1D100C35F98 /* AppDelegate.swift in Sources */ = {isa = PBXBuildFile; fileRef = 05136CB427FCB1D100C35F98 /* AppDelegate.swift */; };
		05136CB927FCB1D100C35F98 /* LoginViewController.swift in Sources */ = {isa = PBXBuildFile; fileRef = 05136CB827FCB1D100C35F98 /* LoginViewController.swift */; };
		05136CBE27FCB1D300C35F98 /* Assets.xcassets in Resources */ = {isa = PBXBuildFile; fileRef = 05136CBD27FCB1D300C35F98 /* Assets.xcassets */; };
		05136CC127FCB1D300C35F98 /* LaunchScreen.storyboard in Resources */ = {isa = PBXBuildFile; fileRef = 05136CBF27FCB1D300C35F98 /* LaunchScreen.storyboard */; };
		05136CCC27FCC71200C35F98 /* LoginView.swift in Sources */ = {isa = PBXBuildFile; fileRef = 05136CCB27FCC71200C35F98 /* LoginView.swift */; };
		055E866A28062C4E00046372 /* DummyViewController.swift in Sources */ = {isa = PBXBuildFile; fileRef = 055E866928062C4E00046372 /* DummyViewController.swift */; };
		055E866D2806518200046372 /* LocalState.swift in Sources */ = {isa = PBXBuildFile; fileRef = 055E866C2806518200046372 /* LocalState.swift */; };
		055E866F28065E3D00046372 /* UIViewControllers+Utils.swift in Sources */ = {isa = PBXBuildFile; fileRef = 055E866E28065E3D00046372 /* UIViewControllers+Utils.swift */; };
		055E867128065F6A00046372 /* MainViewController.swift in Sources */ = {isa = PBXBuildFile; fileRef = 055E867028065F6A00046372 /* MainViewController.swift */; };
		055E867428091D0700046372 /* AccountSummaryViewController.swift in Sources */ = {isa = PBXBuildFile; fileRef = 055E867328091D0700046372 /* AccountSummaryViewController.swift */; };
		059ACAE72811FF5C00FABD2B /* AccountSummaryCell.swift in Sources */ = {isa = PBXBuildFile; fileRef = 059ACAE62811FF5C00FABD2B /* AccountSummaryCell.swift */; };
		05CA4E532801B52B0041A7CC /* OnboardingContainerViewController.swift in Sources */ = {isa = PBXBuildFile; fileRef = 05CA4E522801B52B0041A7CC /* OnboardingContainerViewController.swift */; };
		05CA4E552801BE960041A7CC /* OnBoardingViewController.swift in Sources */ = {isa = PBXBuildFile; fileRef = 05CA4E542801BE960041A7CC /* OnBoardingViewController.swift */; };
		05D60D412809AA4500AA81FF /* AccountSummaryHeaderView.swift in Sources */ = {isa = PBXBuildFile; fileRef = 05D60D402809AA4500AA81FF /* AccountSummaryHeaderView.swift */; };
		05D60D432809AA6D00AA81FF /* AccountSummaryHeaderView.xib in Resources */ = {isa = PBXBuildFile; fileRef = 05D60D422809AA6D00AA81FF /* AccountSummaryHeaderView.xib */; };
/* End PBXBuildFile section */

/* Begin PBXFileReference section */
		05136CB127FCB1D100C35F98 /* Bankey.app */ = {isa = PBXFileReference; explicitFileType = wrapper.application; includeInIndex = 0; path = Bankey.app; sourceTree = BUILT_PRODUCTS_DIR; };
		05136CB427FCB1D100C35F98 /* AppDelegate.swift */ = {isa = PBXFileReference; lastKnownFileType = sourcecode.swift; path = AppDelegate.swift; sourceTree = "<group>"; };
		05136CB827FCB1D100C35F98 /* LoginViewController.swift */ = {isa = PBXFileReference; lastKnownFileType = sourcecode.swift; path = LoginViewController.swift; sourceTree = "<group>"; };
		05136CBD27FCB1D300C35F98 /* Assets.xcassets */ = {isa = PBXFileReference; lastKnownFileType = folder.assetcatalog; path = Assets.xcassets; sourceTree = "<group>"; };
		05136CC027FCB1D300C35F98 /* Base */ = {isa = PBXFileReference; lastKnownFileType = file.storyboard; name = Base; path = Base.lproj/LaunchScreen.storyboard; sourceTree = "<group>"; };
		05136CC227FCB1D300C35F98 /* Info.plist */ = {isa = PBXFileReference; lastKnownFileType = text.plist.xml; path = Info.plist; sourceTree = "<group>"; };
		05136CCB27FCC71200C35F98 /* LoginView.swift */ = {isa = PBXFileReference; lastKnownFileType = sourcecode.swift; path = LoginView.swift; sourceTree = "<group>"; };
		055E866928062C4E00046372 /* DummyViewController.swift */ = {isa = PBXFileReference; lastKnownFileType = sourcecode.swift; path = DummyViewController.swift; sourceTree = "<group>"; };
		055E866C2806518200046372 /* LocalState.swift */ = {isa = PBXFileReference; lastKnownFileType = sourcecode.swift; path = LocalState.swift; sourceTree = "<group>"; };
		055E866E28065E3D00046372 /* UIViewControllers+Utils.swift */ = {isa = PBXFileReference; lastKnownFileType = sourcecode.swift; path = "UIViewControllers+Utils.swift"; sourceTree = "<group>"; };
		055E867028065F6A00046372 /* MainViewController.swift */ = {isa = PBXFileReference; lastKnownFileType = sourcecode.swift; path = MainViewController.swift; sourceTree = "<group>"; };
		055E867328091D0700046372 /* AccountSummaryViewController.swift */ = {isa = PBXFileReference; lastKnownFileType = sourcecode.swift; path = AccountSummaryViewController.swift; sourceTree = "<group>"; };
		059ACAE62811FF5C00FABD2B /* AccountSummaryCell.swift */ = {isa = PBXFileReference; lastKnownFileType = sourcecode.swift; path = AccountSummaryCell.swift; sourceTree = "<group>"; };
		05CA4E522801B52B0041A7CC /* OnboardingContainerViewController.swift */ = {isa = PBXFileReference; lastKnownFileType = sourcecode.swift; path = OnboardingContainerViewController.swift; sourceTree = "<group>"; };
		05CA4E542801BE960041A7CC /* OnBoardingViewController.swift */ = {isa = PBXFileReference; lastKnownFileType = sourcecode.swift; path = OnBoardingViewController.swift; sourceTree = "<group>"; };
		05D60D402809AA4500AA81FF /* AccountSummaryHeaderView.swift */ = {isa = PBXFileReference; lastKnownFileType = sourcecode.swift; path = AccountSummaryHeaderView.swift; sourceTree = "<group>"; };
		05D60D422809AA6D00AA81FF /* AccountSummaryHeaderView.xib */ = {isa = PBXFileReference; lastKnownFileType = file.xib; path = AccountSummaryHeaderView.xib; sourceTree = "<group>"; };
/* End PBXFileReference section */

/* Begin PBXFrameworksBuildPhase section */
		05136CAE27FCB1D100C35F98 /* Frameworks */ = {
			isa = PBXFrameworksBuildPhase;
			buildActionMask = 2147483647;
			files = (
			);
			runOnlyForDeploymentPostprocessing = 0;
		};
/* End PBXFrameworksBuildPhase section */

/* Begin PBXGroup section */
		05136CA827FCB1D100C35F98 = {
			isa = PBXGroup;
			children = (
				05136CB327FCB1D100C35F98 /* Bankey */,
				05136CB227FCB1D100C35F98 /* Products */,
			);
			sourceTree = "<group>";
		};
		05136CB227FCB1D100C35F98 /* Products */ = {
			isa = PBXGroup;
			children = (
				05136CB127FCB1D100C35F98 /* Bankey.app */,
			);
			name = Products;
			sourceTree = "<group>";
		};
		05136CB327FCB1D100C35F98 /* Bankey */ = {
			isa = PBXGroup;
			children = (
				05136CB427FCB1D100C35F98 /* AppDelegate.swift */,
				055E867028065F6A00046372 /* MainViewController.swift */,
				05136CCA27FCC6D200C35F98 /* Login */,
				05CA4E512801B46B0041A7CC /* Onboarding */,
				055E867228091CCD00046372 /* AccountSummary */,
				055E866B2806516E00046372 /* Utils */,
				05136CC927FCC68B00C35F98 /* Files */,
			);
			path = Bankey;
			sourceTree = "<group>";
		};
		05136CC927FCC68B00C35F98 /* Files */ = {
			isa = PBXGroup;
			children = (
				05136CBD27FCB1D300C35F98 /* Assets.xcassets */,
				05136CBF27FCB1D300C35F98 /* LaunchScreen.storyboard */,
				05136CC227FCB1D300C35F98 /* Info.plist */,
			);
			name = Files;
			sourceTree = "<group>";
		};
		05136CCA27FCC6D200C35F98 /* Login */ = {
			isa = PBXGroup;
			children = (
				05136CB827FCB1D100C35F98 /* LoginViewController.swift */,
				05136CCB27FCC71200C35F98 /* LoginView.swift */,
				055E866928062C4E00046372 /* DummyViewController.swift */,
			);
			path = Login;
			sourceTree = "<group>";
		};
		055E866B2806516E00046372 /* Utils */ = {
			isa = PBXGroup;
			children = (
				055E866C2806518200046372 /* LocalState.swift */,
				055E866E28065E3D00046372 /* UIViewControllers+Utils.swift */,
			);
			path = Utils;
			sourceTree = "<group>";
		};
		055E867228091CCD00046372 /* AccountSummary */ = {
			isa = PBXGroup;
			children = (
				055E867328091D0700046372 /* AccountSummaryViewController.swift */,
				059ACAE42811FF0400FABD2B /* Header */,
				059ACAE52811FF2900FABD2B /* Cells */,
			);
			path = AccountSummary;
			sourceTree = "<group>";
		};
		059ACAE42811FF0400FABD2B /* Header */ = {
			isa = PBXGroup;
			children = (
				05D60D402809AA4500AA81FF /* AccountSummaryHeaderView.swift */,
				05D60D422809AA6D00AA81FF /* AccountSummaryHeaderView.xib */,
			);
			path = Header;
			sourceTree = "<group>";
		};
		059ACAE52811FF2900FABD2B /* Cells */ = {
			isa = PBXGroup;
			children = (
				059ACAE62811FF5C00FABD2B /* AccountSummaryCell.swift */,
			);
			path = Cells;
			sourceTree = "<group>";
		};
		05CA4E512801B46B0041A7CC /* Onboarding */ = {
			isa = PBXGroup;
			children = (
				05CA4E522801B52B0041A7CC /* OnboardingContainerViewController.swift */,
				05CA4E542801BE960041A7CC /* OnBoardingViewController.swift */,
			);
			path = Onboarding;
			sourceTree = "<group>";
		};
/* End PBXGroup section */

/* Begin PBXNativeTarget section */
		05136CB027FCB1D100C35F98 /* Bankey */ = {
			isa = PBXNativeTarget;
			buildConfigurationList = 05136CC527FCB1D300C35F98 /* Build configuration list for PBXNativeTarget "Bankey" */;
			buildPhases = (
				05136CAD27FCB1D100C35F98 /* Sources */,
				05136CAE27FCB1D100C35F98 /* Frameworks */,
				05136CAF27FCB1D100C35F98 /* Resources */,
			);
			buildRules = (
			);
			dependencies = (
			);
			name = Bankey;
			productName = Bankey;
			productReference = 05136CB127FCB1D100C35F98 /* Bankey.app */;
			productType = "com.apple.product-type.application";
		};
/* End PBXNativeTarget section */

/* Begin PBXProject section */
		05136CA927FCB1D100C35F98 /* Project object */ = {
			isa = PBXProject;
			attributes = {
				BuildIndependentTargetsInParallel = 1;
				LastSwiftUpdateCheck = 1300;
				LastUpgradeCheck = 1300;
				TargetAttributes = {
					05136CB027FCB1D100C35F98 = {
						CreatedOnToolsVersion = 13.0;
					};
				};
			};
			buildConfigurationList = 05136CAC27FCB1D100C35F98 /* Build configuration list for PBXProject "Bankey" */;
			compatibilityVersion = "Xcode 13.0";
			developmentRegion = en;
			hasScannedForEncodings = 0;
			knownRegions = (
				en,
				Base,
			);
			mainGroup = 05136CA827FCB1D100C35F98;
			productRefGroup = 05136CB227FCB1D100C35F98 /* Products */;
			projectDirPath = "";
			projectRoot = "";
			targets = (
				05136CB027FCB1D100C35F98 /* Bankey */,
			);
		};
/* End PBXProject section */

/* Begin PBXResourcesBuildPhase section */
		05136CAF27FCB1D100C35F98 /* Resources */ = {
			isa = PBXResourcesBuildPhase;
			buildActionMask = 2147483647;
			files = (
				05D60D432809AA6D00AA81FF /* AccountSummaryHeaderView.xib in Resources */,
				05136CC127FCB1D300C35F98 /* LaunchScreen.storyboard in Resources */,
				05136CBE27FCB1D300C35F98 /* Assets.xcassets in Resources */,
			);
			runOnlyForDeploymentPostprocessing = 0;
		};
/* End PBXResourcesBuildPhase section */

/* Begin PBXSourcesBuildPhase section */
		05136CAD27FCB1D100C35F98 /* Sources */ = {
			isa = PBXSourcesBuildPhase;
			buildActionMask = 2147483647;
			files = (
				05136CCC27FCC71200C35F98 /* LoginView.swift in Sources */,
				055E866D2806518200046372 /* LocalState.swift in Sources */,
				055E866A28062C4E00046372 /* DummyViewController.swift in Sources */,
				05D60D412809AA4500AA81FF /* AccountSummaryHeaderView.swift in Sources */,
				05136CB927FCB1D100C35F98 /* LoginViewController.swift in Sources */,
				055E866F28065E3D00046372 /* UIViewControllers+Utils.swift in Sources */,
				059ACAE72811FF5C00FABD2B /* AccountSummaryCell.swift in Sources */,
				05136CB527FCB1D100C35F98 /* AppDelegate.swift in Sources */,
				055E867128065F6A00046372 /* MainViewController.swift in Sources */,
				055E867428091D0700046372 /* AccountSummaryViewController.swift in Sources */,
				05CA4E532801B52B0041A7CC /* OnboardingContainerViewController.swift in Sources */,
				05CA4E552801BE960041A7CC /* OnBoardingViewController.swift in Sources */,
			);
			runOnlyForDeploymentPostprocessing = 0;
		};
/* End PBXSourcesBuildPhase section */

/* Begin PBXVariantGroup section */
		05136CBF27FCB1D300C35F98 /* LaunchScreen.storyboard */ = {
			isa = PBXVariantGroup;
			children = (
				05136CC027FCB1D300C35F98 /* Base */,
			);
			name = LaunchScreen.storyboard;
			sourceTree = "<group>";
		};
/* End PBXVariantGroup section */

/* Begin XCBuildConfiguration section */
		05136CC327FCB1D300C35F98 /* Debug */ = {
			isa = XCBuildConfiguration;
			buildSettings = {
				ALWAYS_SEARCH_USER_PATHS = NO;
				CLANG_ANALYZER_NONNULL = YES;
				CLANG_ANALYZER_NUMBER_OBJECT_CONVERSION = YES_AGGRESSIVE;
				CLANG_CXX_LANGUAGE_STANDARD = "gnu++17";
				CLANG_CXX_LIBRARY = "libc++";
				CLANG_ENABLE_MODULES = YES;
				CLANG_ENABLE_OBJC_ARC = YES;
				CLANG_ENABLE_OBJC_WEAK = YES;
				CLANG_WARN_BLOCK_CAPTURE_AUTORELEASING = YES;
				CLANG_WARN_BOOL_CONVERSION = YES;
				CLANG_WARN_COMMA = YES;
				CLANG_WARN_CONSTANT_CONVERSION = YES;
				CLANG_WARN_DEPRECATED_OBJC_IMPLEMENTATIONS = YES;
				CLANG_WARN_DIRECT_OBJC_ISA_USAGE = YES_ERROR;
				CLANG_WARN_DOCUMENTATION_COMMENTS = YES;
				CLANG_WARN_EMPTY_BODY = YES;
				CLANG_WARN_ENUM_CONVERSION = YES;
				CLANG_WARN_INFINITE_RECURSION = YES;
				CLANG_WARN_INT_CONVERSION = YES;
				CLANG_WARN_NON_LITERAL_NULL_CONVERSION = YES;
				CLANG_WARN_OBJC_IMPLICIT_RETAIN_SELF = YES;
				CLANG_WARN_OBJC_LITERAL_CONVERSION = YES;
				CLANG_WARN_OBJC_ROOT_CLASS = YES_ERROR;
				CLANG_WARN_QUOTED_INCLUDE_IN_FRAMEWORK_HEADER = YES;
				CLANG_WARN_RANGE_LOOP_ANALYSIS = YES;
				CLANG_WARN_STRICT_PROTOTYPES = YES;
				CLANG_WARN_SUSPICIOUS_MOVE = YES;
				CLANG_WARN_UNGUARDED_AVAILABILITY = YES_AGGRESSIVE;
				CLANG_WARN_UNREACHABLE_CODE = YES;
				CLANG_WARN__DUPLICATE_METHOD_MATCH = YES;
				COPY_PHASE_STRIP = NO;
				DEBUG_INFORMATION_FORMAT = dwarf;
				ENABLE_STRICT_OBJC_MSGSEND = YES;
				ENABLE_TESTABILITY = YES;
				GCC_C_LANGUAGE_STANDARD = gnu11;
				GCC_DYNAMIC_NO_PIC = NO;
				GCC_NO_COMMON_BLOCKS = YES;
				GCC_OPTIMIZATION_LEVEL = 0;
				GCC_PREPROCESSOR_DEFINITIONS = (
					"DEBUG=1",
					"$(inherited)",
				);
				GCC_WARN_64_TO_32_BIT_CONVERSION = YES;
				GCC_WARN_ABOUT_RETURN_TYPE = YES_ERROR;
				GCC_WARN_UNDECLARED_SELECTOR = YES;
				GCC_WARN_UNINITIALIZED_AUTOS = YES_AGGRESSIVE;
				GCC_WARN_UNUSED_FUNCTION = YES;
				GCC_WARN_UNUSED_VARIABLE = YES;
				IPHONEOS_DEPLOYMENT_TARGET = 15.0;
				MTL_ENABLE_DEBUG_INFO = INCLUDE_SOURCE;
				MTL_FAST_MATH = YES;
				ONLY_ACTIVE_ARCH = YES;
				SDKROOT = iphoneos;
				SWIFT_ACTIVE_COMPILATION_CONDITIONS = DEBUG;
				SWIFT_OPTIMIZATION_LEVEL = "-Onone";
			};
			name = Debug;
		};
		05136CC427FCB1D300C35F98 /* Release */ = {
			isa = XCBuildConfiguration;
			buildSettings = {
				ALWAYS_SEARCH_USER_PATHS = NO;
				CLANG_ANALYZER_NONNULL = YES;
				CLANG_ANALYZER_NUMBER_OBJECT_CONVERSION = YES_AGGRESSIVE;
				CLANG_CXX_LANGUAGE_STANDARD = "gnu++17";
				CLANG_CXX_LIBRARY = "libc++";
				CLANG_ENABLE_MODULES = YES;
				CLANG_ENABLE_OBJC_ARC = YES;
				CLANG_ENABLE_OBJC_WEAK = YES;
				CLANG_WARN_BLOCK_CAPTURE_AUTORELEASING = YES;
				CLANG_WARN_BOOL_CONVERSION = YES;
				CLANG_WARN_COMMA = YES;
				CLANG_WARN_CONSTANT_CONVERSION = YES;
				CLANG_WARN_DEPRECATED_OBJC_IMPLEMENTATIONS = YES;
				CLANG_WARN_DIRECT_OBJC_ISA_USAGE = YES_ERROR;
				CLANG_WARN_DOCUMENTATION_COMMENTS = YES;
				CLANG_WARN_EMPTY_BODY = YES;
				CLANG_WARN_ENUM_CONVERSION = YES;
				CLANG_WARN_INFINITE_RECURSION = YES;
				CLANG_WARN_INT_CONVERSION = YES;
				CLANG_WARN_NON_LITERAL_NULL_CONVERSION = YES;
				CLANG_WARN_OBJC_IMPLICIT_RETAIN_SELF = YES;
				CLANG_WARN_OBJC_LITERAL_CONVERSION = YES;
				CLANG_WARN_OBJC_ROOT_CLASS = YES_ERROR;
				CLANG_WARN_QUOTED_INCLUDE_IN_FRAMEWORK_HEADER = YES;
				CLANG_WARN_RANGE_LOOP_ANALYSIS = YES;
				CLANG_WARN_STRICT_PROTOTYPES = YES;
				CLANG_WARN_SUSPICIOUS_MOVE = YES;
				CLANG_WARN_UNGUARDED_AVAILABILITY = YES_AGGRESSIVE;
				CLANG_WARN_UNREACHABLE_CODE = YES;
				CLANG_WARN__DUPLICATE_METHOD_MATCH = YES;
				COPY_PHASE_STRIP = NO;
				DEBUG_INFORMATION_FORMAT = "dwarf-with-dsym";
				ENABLE_NS_ASSERTIONS = NO;
				ENABLE_STRICT_OBJC_MSGSEND = YES;
				GCC_C_LANGUAGE_STANDARD = gnu11;
				GCC_NO_COMMON_BLOCKS = YES;
				GCC_WARN_64_TO_32_BIT_CONVERSION = YES;
				GCC_WARN_ABOUT_RETURN_TYPE = YES_ERROR;
				GCC_WARN_UNDECLARED_SELECTOR = YES;
				GCC_WARN_UNINITIALIZED_AUTOS = YES_AGGRESSIVE;
				GCC_WARN_UNUSED_FUNCTION = YES;
				GCC_WARN_UNUSED_VARIABLE = YES;
				IPHONEOS_DEPLOYMENT_TARGET = 15.0;
				MTL_ENABLE_DEBUG_INFO = NO;
				MTL_FAST_MATH = YES;
				SDKROOT = iphoneos;
				SWIFT_COMPILATION_MODE = wholemodule;
				SWIFT_OPTIMIZATION_LEVEL = "-O";
				VALIDATE_PRODUCT = YES;
			};
			name = Release;
		};
		05136CC627FCB1D300C35F98 /* Debug */ = {
			isa = XCBuildConfiguration;
			buildSettings = {
				ASSETCATALOG_COMPILER_APPICON_NAME = AppIcon;
				ASSETCATALOG_COMPILER_GLOBAL_ACCENT_COLOR_NAME = AccentColor;
				CODE_SIGN_STYLE = Automatic;
				CURRENT_PROJECT_VERSION = 1;
				DEVELOPMENT_TEAM = ZLRHSN44X4;
				GENERATE_INFOPLIST_FILE = YES;
				INFOPLIST_FILE = Bankey/Info.plist;
				INFOPLIST_KEY_UIApplicationSupportsIndirectInputEvents = YES;
				INFOPLIST_KEY_UILaunchStoryboardName = LaunchScreen;
				INFOPLIST_KEY_UISupportedInterfaceOrientations_iPad = "UIInterfaceOrientationPortrait UIInterfaceOrientationPortraitUpsideDown UIInterfaceOrientationLandscapeLeft UIInterfaceOrientationLandscapeRight";
				INFOPLIST_KEY_UISupportedInterfaceOrientations_iPhone = "UIInterfaceOrientationPortrait UIInterfaceOrientationLandscapeLeft UIInterfaceOrientationLandscapeRight";
				LD_RUNPATH_SEARCH_PATHS = (
					"$(inherited)",
					"@executable_path/Frameworks",
				);
				MARKETING_VERSION = 1.0;
				PRODUCT_BUNDLE_IDENTIFIER = camargo.joao.com.br.Bankey;
				PRODUCT_NAME = "$(TARGET_NAME)";
				SWIFT_EMIT_LOC_STRINGS = YES;
				SWIFT_VERSION = 5.0;
				TARGETED_DEVICE_FAMILY = "1,2";
			};
			name = Debug;
		};
		05136CC727FCB1D300C35F98 /* Release */ = {
			isa = XCBuildConfiguration;
			buildSettings = {
				ASSETCATALOG_COMPILER_APPICON_NAME = AppIcon;
				ASSETCATALOG_COMPILER_GLOBAL_ACCENT_COLOR_NAME = AccentColor;
				CODE_SIGN_STYLE = Automatic;
				CURRENT_PROJECT_VERSION = 1;
				DEVELOPMENT_TEAM = ZLRHSN44X4;
				GENERATE_INFOPLIST_FILE = YES;
				INFOPLIST_FILE = Bankey/Info.plist;
				INFOPLIST_KEY_UIApplicationSupportsIndirectInputEvents = YES;
				INFOPLIST_KEY_UILaunchStoryboardName = LaunchScreen;
				INFOPLIST_KEY_UISupportedInterfaceOrientations_iPad = "UIInterfaceOrientationPortrait UIInterfaceOrientationPortraitUpsideDown UIInterfaceOrientationLandscapeLeft UIInterfaceOrientationLandscapeRight";
				INFOPLIST_KEY_UISupportedInterfaceOrientations_iPhone = "UIInterfaceOrientationPortrait UIInterfaceOrientationLandscapeLeft UIInterfaceOrientationLandscapeRight";
				LD_RUNPATH_SEARCH_PATHS = (
					"$(inherited)",
					"@executable_path/Frameworks",
				);
				MARKETING_VERSION = 1.0;
				PRODUCT_BUNDLE_IDENTIFIER = camargo.joao.com.br.Bankey;
				PRODUCT_NAME = "$(TARGET_NAME)";
				SWIFT_EMIT_LOC_STRINGS = YES;
				SWIFT_VERSION = 5.0;
				TARGETED_DEVICE_FAMILY = "1,2";
			};
			name = Release;
		};
/* End XCBuildConfiguration section */

/* Begin XCConfigurationList section */
		05136CAC27FCB1D100C35F98 /* Build configuration list for PBXProject "Bankey" */ = {
			isa = XCConfigurationList;
			buildConfigurations = (
				05136CC327FCB1D300C35F98 /* Debug */,
				05136CC427FCB1D300C35F98 /* Release */,
			);
			defaultConfigurationIsVisible = 0;
			defaultConfigurationName = Release;
		};
		05136CC527FCB1D300C35F98 /* Build configuration list for PBXNativeTarget "Bankey" */ = {
			isa = XCConfigurationList;
			buildConfigurations = (
				05136CC627FCB1D300C35F98 /* Debug */,
				05136CC727FCB1D300C35F98 /* Release */,
			);
			defaultConfigurationIsVisible = 0;
			defaultConfigurationName = Release;
		};
/* End XCConfigurationList section */
	};
	rootObject = 05136CA927FCB1D100C35F98 /* Project object */;
}
